// !$*UTF8*$!
{
	archiveVersion = 1;
	classes = {
	};
	objectVersion = 46;
	objects = {

/* Begin PBXBuildFile section */
		332D13B51E4FDA120075C106 /* AppDelegate.swift in Sources */ = {isa = PBXBuildFile; fileRef = 332D13B41E4FDA120075C106 /* AppDelegate.swift */; };
		332D13B71E4FDA120075C106 /* ViewController.swift in Sources */ = {isa = PBXBuildFile; fileRef = 332D13B61E4FDA120075C106 /* ViewController.swift */; };
		332D13BA1E4FDA120075C106 /* Main.storyboard in Resources */ = {isa = PBXBuildFile; fileRef = 332D13B81E4FDA120075C106 /* Main.storyboard */; };
		332D13BC1E4FDA120075C106 /* Assets.xcassets in Resources */ = {isa = PBXBuildFile; fileRef = 332D13BB1E4FDA120075C106 /* Assets.xcassets */; };
		332D13BF1E4FDA120075C106 /* LaunchScreen.storyboard in Resources */ = {isa = PBXBuildFile; fileRef = 332D13BD1E4FDA120075C106 /* LaunchScreen.storyboard */; };
		332D13C71E4FDA210075C106 /* Muse.framework in Frameworks */ = {isa = PBXBuildFile; fileRef = 332D13C61E4FDA210075C106 /* Muse.framework */; };
		332D13CD1E4FE3060075C106 /* CoreBluetooth.framework in Frameworks */ = {isa = PBXBuildFile; fileRef = 332D13CC1E4FE3060075C106 /* CoreBluetooth.framework */; };
/* End PBXBuildFile section */

/* Begin PBXFileReference section */
		332D13B11E4FDA120075C106 /* mu.app */ = {isa = PBXFileReference; explicitFileType = wrapper.application; includeInIndex = 0; path = mu.app; sourceTree = BUILT_PRODUCTS_DIR; };
		332D13B41E4FDA120075C106 /* AppDelegate.swift */ = {isa = PBXFileReference; lastKnownFileType = sourcecode.swift; path = AppDelegate.swift; sourceTree = "<group>"; };
		332D13B61E4FDA120075C106 /* ViewController.swift */ = {isa = PBXFileReference; lastKnownFileType = sourcecode.swift; path = ViewController.swift; sourceTree = "<group>"; };
		332D13B91E4FDA120075C106 /* Base */ = {isa = PBXFileReference; lastKnownFileType = file.storyboard; name = Base; path = Base.lproj/Main.storyboard; sourceTree = "<group>"; };
		332D13BB1E4FDA120075C106 /* Assets.xcassets */ = {isa = PBXFileReference; lastKnownFileType = folder.assetcatalog; path = Assets.xcassets; sourceTree = "<group>"; };
		332D13BE1E4FDA120075C106 /* Base */ = {isa = PBXFileReference; lastKnownFileType = file.storyboard; name = Base; path = Base.lproj/LaunchScreen.storyboard; sourceTree = "<group>"; };
		332D13C01E4FDA120075C106 /* Info.plist */ = {isa = PBXFileReference; lastKnownFileType = text.plist.xml; path = Info.plist; sourceTree = "<group>"; };
		332D13C61E4FDA210075C106 /* Muse.framework */ = {isa = PBXFileReference; lastKnownFileType = wrapper.framework; path = Muse.framework; sourceTree = "<group>"; };
		332D13C81E4FDDCC0075C106 /* mu-Bridging-Header.h */ = {isa = PBXFileReference; lastKnownFileType = sourcecode.c.h; path = "mu-Bridging-Header.h"; sourceTree = "<group>"; };
		332D13CC1E4FE3060075C106 /* CoreBluetooth.framework */ = {isa = PBXFileReference; lastKnownFileType = wrapper.framework; name = CoreBluetooth.framework; path = System/Library/Frameworks/CoreBluetooth.framework; sourceTree = SDKROOT; };
/* End PBXFileReference section */

/* Begin PBXFrameworksBuildPhase section */
		332D13AE1E4FDA120075C106 /* Frameworks */ = {
			isa = PBXFrameworksBuildPhase;
			buildActionMask = 2147483647;
			files = (
				332D13CD1E4FE3060075C106 /* CoreBluetooth.framework in Frameworks */,
				332D13C71E4FDA210075C106 /* Muse.framework in Frameworks */,
			);
			runOnlyForDeploymentPostprocessing = 0;
		};
/* End PBXFrameworksBuildPhase section */

/* Begin PBXGroup section */
		332D13A81E4FDA120075C106 = {
			isa = PBXGroup;
			children = (
				332D13B31E4FDA120075C106 /* mu */,
				332D13B21E4FDA120075C106 /* Products */,
				332D13CB1E4FE3060075C106 /* Frameworks */,
			);
			sourceTree = "<group>";
		};
		332D13B21E4FDA120075C106 /* Products */ = {
			isa = PBXGroup;
			children = (
				332D13B11E4FDA120075C106 /* mu.app */,
			);
			name = Products;
			sourceTree = "<group>";
		};
		332D13B31E4FDA120075C106 /* mu */ = {
			isa = PBXGroup;
			children = (
				332D13B41E4FDA120075C106 /* AppDelegate.swift */,
				332D13B61E4FDA120075C106 /* ViewController.swift */,
				332D13B81E4FDA120075C106 /* Main.storyboard */,
				332D13BB1E4FDA120075C106 /* Assets.xcassets */,
				332D13BD1E4FDA120075C106 /* LaunchScreen.storyboard */,
				332D13C01E4FDA120075C106 /* Info.plist */,
				332D13C61E4FDA210075C106 /* Muse.framework */,
				332D13C81E4FDDCC0075C106 /* mu-Bridging-Header.h */,
			);
			path = mu;
			sourceTree = "<group>";
		};
		332D13CB1E4FE3060075C106 /* Frameworks */ = {
			isa = PBXGroup;
			children = (
				332D13CC1E4FE3060075C106 /* CoreBluetooth.framework */,
			);
			name = Frameworks;
			sourceTree = "<group>";
		};
/* End PBXGroup section */

/* Begin PBXNativeTarget section */
		332D13B01E4FDA120075C106 /* mu */ = {
			isa = PBXNativeTarget;
			buildConfigurationList = 332D13C31E4FDA120075C106 /* Build configuration list for PBXNativeTarget "mu" */;
			buildPhases = (
				332D13AD1E4FDA120075C106 /* Sources */,
				332D13AE1E4FDA120075C106 /* Frameworks */,
				332D13AF1E4FDA120075C106 /* Resources */,
			);
			buildRules = (
			);
			dependencies = (
			);
			name = mu;
			productName = mu;
			productReference = 332D13B11E4FDA120075C106 /* mu.app */;
			productType = "com.apple.product-type.application";
		};
/* End PBXNativeTarget section */

/* Begin PBXProject section */
		332D13A91E4FDA120075C106 /* Project object */ = {
			isa = PBXProject;
			attributes = {
				LastSwiftUpdateCheck = 0820;
				LastUpgradeCheck = 0820;
				ORGANIZATIONNAME = "Stiven Deleur";
				TargetAttributes = {
					332D13B01E4FDA120075C106 = {
						CreatedOnToolsVersion = 8.2.1;
						DevelopmentTeam = JP6WHVYWBA;
						LastSwiftMigration = 0820;
						ProvisioningStyle = Automatic;
					};
				};
			};
			buildConfigurationList = 332D13AC1E4FDA120075C106 /* Build configuration list for PBXProject "mu" */;
			compatibilityVersion = "Xcode 3.2";
			developmentRegion = English;
			hasScannedForEncodings = 0;
			knownRegions = (
				en,
				Base,
			);
			mainGroup = 332D13A81E4FDA120075C106;
			productRefGroup = 332D13B21E4FDA120075C106 /* Products */;
			projectDirPath = "";
			projectRoot = "";
			targets = (
				332D13B01E4FDA120075C106 /* mu */,
			);
		};
/* End PBXProject section */

/* Begin PBXResourcesBuildPhase section */
		332D13AF1E4FDA120075C106 /* Resources */ = {
			isa = PBXResourcesBuildPhase;
			buildActionMask = 2147483647;
			files = (
				332D13BF1E4FDA120075C106 /* LaunchScreen.storyboard in Resources */,
				332D13BC1E4FDA120075C106 /* Assets.xcassets in Resources */,
				332D13BA1E4FDA120075C106 /* Main.storyboard in Resources */,
			);
			runOnlyForDeploymentPostprocessing = 0;
		};
/* End PBXResourcesBuildPhase section */

/* Begin PBXSourcesBuildPhase section */
		332D13AD1E4FDA120075C106 /* Sources */ = {
			isa = PBXSourcesBuildPhase;
			buildActionMask = 2147483647;
			files = (
				332D13B71E4FDA120075C106 /* ViewController.swift in Sources */,
				332D13B51E4FDA120075C106 /* AppDelegate.swift in Sources */,
			);
			runOnlyForDeploymentPostprocessing = 0;
		};
/* End PBXSourcesBuildPhase section */

/* Begin PBXVariantGroup section */
		332D13B81E4FDA120075C106 /* Main.storyboard */ = {
			isa = PBXVariantGroup;
			children = (
				332D13B91E4FDA120075C106 /* Base */,
			);
			name = Main.storyboard;
			sourceTree = "<group>";
		};
		332D13BD1E4FDA120075C106 /* LaunchScreen.storyboard */ = {
			isa = PBXVariantGroup;
			children = (
				332D13BE1E4FDA120075C106 /* Base */,
			);
			name = LaunchScreen.storyboard;
			sourceTree = "<group>";
		};
/* End PBXVariantGroup section */

/* Begin XCBuildConfiguration section */
		332D13C11E4FDA120075C106 /* Debug */ = {
			isa = XCBuildConfiguration;
			buildSettings = {
				ALWAYS_SEARCH_USER_PATHS = NO;
				CLANG_ANALYZER_NONNULL = YES;
				CLANG_CXX_LANGUAGE_STANDARD = "gnu++0x";
				CLANG_CXX_LIBRARY = "libc++";
				CLANG_ENABLE_MODULES = YES;
				CLANG_ENABLE_OBJC_ARC = YES;
				CLANG_WARN_BOOL_CONVERSION = YES;
				CLANG_WARN_CONSTANT_CONVERSION = YES;
				CLANG_WARN_DIRECT_OBJC_ISA_USAGE = YES_ERROR;
				CLANG_WARN_DOCUMENTATION_COMMENTS = YES;
				CLANG_WARN_EMPTY_BODY = YES;
				CLANG_WARN_ENUM_CONVERSION = YES;
				CLANG_WARN_INFINITE_RECURSION = YES;
				CLANG_WARN_INT_CONVERSION = YES;
				CLANG_WARN_OBJC_ROOT_CLASS = YES_ERROR;
				CLANG_WARN_SUSPICIOUS_MOVE = YES;
				CLANG_WARN_UNREACHABLE_CODE = YES;
				CLANG_WARN__DUPLICATE_METHOD_MATCH = YES;
				"CODE_SIGN_IDENTITY[sdk=iphoneos*]" = "iPhone Developer";
				COPY_PHASE_STRIP = NO;
				DEBUG_INFORMATION_FORMAT = dwarf;
				ENABLE_STRICT_OBJC_MSGSEND = YES;
				ENABLE_TESTABILITY = YES;
				GCC_C_LANGUAGE_STANDARD = gnu99;
				GCC_DYNAMIC_NO_PIC = NO;
				GCC_NO_COMMON_BLOCKS = YES;
				GCC_OPTIMIZATION_LEVEL = 0;
				GCC_PREPROCESSOR_DEFINITIONS = (
					"DEBUG=1",
					"$(inherited)",
				);
				GCC_WARN_64_TO_32_BIT_CONVERSION = YES;
				GCC_WARN_ABOUT_RETURN_TYPE = YES_ERROR;
				GCC_WARN_UNDECLARED_SELECTOR = YES;
				GCC_WARN_UNINITIALIZED_AUTOS = YES_AGGRESSIVE;
				GCC_WARN_UNUSED_FUNCTION = YES;
				GCC_WARN_UNUSED_VARIABLE = YES;
				IPHONEOS_DEPLOYMENT_TARGET = 10.2;
				MTL_ENABLE_DEBUG_INFO = YES;
				ONLY_ACTIVE_ARCH = YES;
				SDKROOT = iphoneos;
				SWIFT_ACTIVE_COMPILATION_CONDITIONS = DEBUG;
				SWIFT_OPTIMIZATION_LEVEL = "-Onone";
				TARGETED_DEVICE_FAMILY = "1,2";
			};
			name = Debug;
		};
		332D13C21E4FDA120075C106 /* Release */ = {
			isa = XCBuildConfiguration;
			buildSettings = {
				ALWAYS_SEARCH_USER_PATHS = NO;
				CLANG_ANALYZER_NONNULL = YES;
				CLANG_CXX_LANGUAGE_STANDARD = "gnu++0x";
				CLANG_CXX_LIBRARY = "libc++";
				CLANG_ENABLE_MODULES = YES;
				CLANG_ENABLE_OBJC_ARC = YES;
				CLANG_WARN_BOOL_CONVERSION = YES;
				CLANG_WARN_CONSTANT_CONVERSION = YES;
				CLANG_WARN_DIRECT_OBJC_ISA_USAGE = YES_ERROR;
				CLANG_WARN_DOCUMENTATION_COMMENTS = YES;
				CLANG_WARN_EMPTY_BODY = YES;
				CLANG_WARN_ENUM_CONVERSION = YES;
				CLANG_WARN_INFINITE_RECURSION = YES;
				CLANG_WARN_INT_CONVERSION = YES;
				CLANG_WARN_OBJC_ROOT_CLASS = YES_ERROR;
				CLANG_WARN_SUSPICIOUS_MOVE = YES;
				CLANG_WARN_UNREACHABLE_CODE = YES;
				CLANG_WARN__DUPLICATE_METHOD_MATCH = YES;
				"CODE_SIGN_IDENTITY[sdk=iphoneos*]" = "iPhone Developer";
				COPY_PHASE_STRIP = NO;
				DEBUG_INFORMATION_FORMAT = "dwarf-with-dsym";
				ENABLE_NS_ASSERTIONS = NO;
				ENABLE_STRICT_OBJC_MSGSEND = YES;
				GCC_C_LANGUAGE_STANDARD = gnu99;
				GCC_NO_COMMON_BLOCKS = YES;
				GCC_WARN_64_TO_32_BIT_CONVERSION = YES;
				GCC_WARN_ABOUT_RETURN_TYPE = YES_ERROR;
				GCC_WARN_UNDECLARED_SELECTOR = YES;
				GCC_WARN_UNINITIALIZED_AUTOS = YES_AGGRESSIVE;
				GCC_WARN_UNUSED_FUNCTION = YES;
				GCC_WARN_UNUSED_VARIABLE = YES;
				IPHONEOS_DEPLOYMENT_TARGET = 10.2;
				MTL_ENABLE_DEBUG_INFO = NO;
				SDKROOT = iphoneos;
				SWIFT_OPTIMIZATION_LEVEL = "-Owholemodule";
				TARGETED_DEVICE_FAMILY = "1,2";
				VALIDATE_PRODUCT = YES;
			};
			name = Release;
		};
		332D13C41E4FDA120075C106 /* Debug */ = {
			isa = XCBuildConfiguration;
			buildSettings = {
				ASSETCATALOG_COMPILER_APPICON_NAME = AppIcon;
				CLANG_ENABLE_MODULES = YES;
				DEVELOPMENT_TEAM = JP6WHVYWBA;
				FRAMEWORK_SEARCH_PATHS = (
					"$(inherited)",
					"$(PROJECT_DIR)/mu",
				);
				INFOPLIST_FILE = mu/Info.plist;
				LD_RUNPATH_SEARCH_PATHS = "$(inherited) @executable_path/Frameworks";
				OTHER_LDFLAGS = "-lc++";
				PRODUCT_BUNDLE_IDENTIFIER = com.deleurapps.mu;
				PRODUCT_NAME = "$(TARGET_NAME)";
				SWIFT_OBJC_BRIDGING_HEADER = "mu/mu-Bridging-Header.h";
				SWIFT_OPTIMIZATION_LEVEL = "-Onone";
				SWIFT_VERSION = 3.0;
			};
			name = Debug;
		};
		332D13C51E4FDA120075C106 /* Release */ = {
			isa = XCBuildConfiguration;
			buildSettings = {
				ASSETCATALOG_COMPILER_APPICON_NAME = AppIcon;
				CLANG_ENABLE_MODULES = YES;
				DEVELOPMENT_TEAM = JP6WHVYWBA;
				FRAMEWORK_SEARCH_PATHS = (
					"$(inherited)",
					"$(PROJECT_DIR)/mu",
				);
				INFOPLIST_FILE = mu/Info.plist;
				LD_RUNPATH_SEARCH_PATHS = "$(inherited) @executable_path/Frameworks";
				OTHER_LDFLAGS = "-lc++";
				PRODUCT_BUNDLE_IDENTIFIER = com.deleurapps.mu;
				PRODUCT_NAME = "$(TARGET_NAME)";
				SWIFT_OBJC_BRIDGING_HEADER = "mu/mu-Bridging-Header.h";
				SWIFT_VERSION = 3.0;
			};
			name = Release;
		};
/* End XCBuildConfiguration section */

/* Begin XCConfigurationList section */
		332D13AC1E4FDA120075C106 /* Build configuration list for PBXProject "mu" */ = {
			isa = XCConfigurationList;
			buildConfigurations = (
				332D13C11E4FDA120075C106 /* Debug */,
				332D13C21E4FDA120075C106 /* Release */,
			);
			defaultConfigurationIsVisible = 0;
			defaultConfigurationName = Release;
		};
		332D13C31E4FDA120075C106 /* Build configuration list for PBXNativeTarget "mu" */ = {
			isa = XCConfigurationList;
			buildConfigurations = (
				332D13C41E4FDA120075C106 /* Debug */,
				332D13C51E4FDA120075C106 /* Release */,
			);
			defaultConfigurationIsVisible = 0;
		};
/* End XCConfigurationList section */
	};
	rootObject = 332D13A91E4FDA120075C106 /* Project object */;
}
